
Microsoft Visual Studio Solution File, Format Version 12.00
# Visual Studio Version 16
VisualStudioVersion = 16.0.32901.82
MinimumVisualStudioVersion = 10.0.40219.1
Project("{FAE04EC0-301F-11D3-BF4B-00C04F79EFBC}") = "Assignment3", "Assignment3\Assignment3.csproj", "{AED77EBC-6F9A-48F4-8B6D-B45E582FD673}"
EndProject
Global
	GlobalSection(SolutionConfigurationPlatforms) = preSolution
		Debug|Any CPU = Debug|Any CPU
		Release|Any CPU = Release|Any CPU
	EndGlobalSection
	GlobalSection(ProjectConfigurationPlatforms) = postSolution
		{AED77EBC-6F9A-48F4-8B6D-B45E582FD673}.Debug|Any CPU.ActiveCfg = Debug|Any CPU
		{AED77EBC-6F9A-48F4-8B6D-B45E582FD673}.Debug|Any CPU.Build.0 = Debug|Any CPU
		{AED77EBC-6F9A-48F4-8B6D-B45E582FD673}.Release|Any CPU.ActiveCfg = Release|Any CPU
		{AED77EBC-6F9A-48F4-8B6D-B45E582FD673}.Release|Any CPU.Build.0 = Release|Any CPU
	EndGlobalSection
	GlobalSection(SolutionProperties) = preSolution
		HideSolutionNode = FALSE
	EndGlobalSection
	GlobalSection(ExtensibilityGlobals) = postSolution
		SolutionGuid = {052BF8A5-588A-4AC7-B93B-25DB6626278A}
	EndGlobalSection
EndGlobal
